
Microsoft Visual Studio Solution File, Format Version 12.00
# Visual Studio Version 16
VisualStudioVersion = 16.0.30503.244
MinimumVisualStudioVersion = 10.0.40219.1
Project("{9A19103F-16F7-4668-BE54-9A1E7A4F7556}") = "QuanLyNhaHang", "QuanLyNhaHang\QuanLyNhaHang.csproj", "{C38D9E47-0854-4E40-BF90-2407C3765C38}"
EndProject
Global
	GlobalSection(SolutionConfigurationPlatforms) = preSolution
		Debug|Any CPU = Debug|Any CPU
		Release|Any CPU = Release|Any CPU
	EndGlobalSection
	GlobalSection(ProjectConfigurationPlatforms) = postSolution
		{C38D9E47-0854-4E40-BF90-2407C3765C38}.Debug|Any CPU.ActiveCfg = Debug|Any CPU
		{C38D9E47-0854-4E40-BF90-2407C3765C38}.Debug|Any CPU.Build.0 = Debug|Any CPU
		{C38D9E47-0854-4E40-BF90-2407C3765C38}.Release|Any CPU.ActiveCfg = Release|Any CPU
		{C38D9E47-0854-4E40-BF90-2407C3765C38}.Release|Any CPU.Build.0 = Release|Any CPU
	EndGlobalSection
	GlobalSection(SolutionProperties) = preSolution
		HideSolutionNode = FALSE
	EndGlobalSection
	GlobalSection(ExtensibilityGlobals) = postSolution
		SolutionGuid = {0BC24ACB-9073-4373-BF4B-B34CC2DE2A47}
	EndGlobalSection
EndGlobal
